{
  "name": "bardscan-vulnerable-demo",
  "version": "1.0.0",
  "lockfileVersion": 3,
  "requires": true,
  "packages": {
    "": {
      "name": "bardscan-vulnerable-demo",
      "version": "1.0.0",
      "dependencies": {
        "lodash": "4.17.19",
        "node-forge": "0.9.0"
      }
    },
    "node_modules/lodash": {
      "version": "4.17.19",
      "resolved": "https://registry.npmjs.org/lodash/-/lodash-4.17.19.tgz"
    },
    "node_modules/node-forge": {
      "version": "0.9.0",
      "resolved": "https://registry.npmjs.org/node-forge/-/node-forge-0.9.0.tgz"
    }
  }
}
